
Microsoft Visual Studio Solution File, Format Version 12.00
# Visual Studio Version 16
VisualStudioVersion = 16.0.30114.105
MinimumVisualStudioVersion = 10.0.40219.1
Project("{FAE04EC0-301F-11D3-BF4B-00C04F79EFBC}") = "RigActivityApp", "RigActivityApp.csproj", "{D46248AE-B6EF-4F8F-8C86-ABCAE237AAEF}"
EndProject
Global
	GlobalSection(SolutionConfigurationPlatforms) = preSolution
		Debug|Any CPU = Debug|Any CPU
		Release|Any CPU = Release|Any CPU
	EndGlobalSection
	GlobalSection(ProjectConfigurationPlatforms) = postSolution
		{D46248AE-B6EF-4F8F-8C86-ABCAE237AAEF}.Debug|Any CPU.ActiveCfg = Debug|Any CPU
		{D46248AE-B6EF-4F8F-8C86-ABCAE237AAEF}.Debug|Any CPU.Build.0 = Debug|Any CPU
		{D46248AE-B6EF-4F8F-8C86-ABCAE237AAEF}.Release|Any CPU.ActiveCfg = Release|Any CPU
		{D46248AE-B6EF-4F8F-8C86-ABCAE237AAEF}.Release|Any CPU.Build.0 = Release|Any CPU
	EndGlobalSection
	GlobalSection(SolutionProperties) = preSolution
		HideSolutionNode = FALSE
	EndGlobalSection
	GlobalSection(ExtensibilityGlobals) = postSolution
		SolutionGuid = {1014252B-A88C-4926-A53A-66CDB23798E7}
	EndGlobalSection
EndGlobal
